# This file is automatically @generated by Poetry 1.7.1 and should not be changed by hand.

[[package]]
name = "beautifulsoup4"
version = "4.13.3"
description = "Screen-scraping library"
optional = false
python-versions = ">=3.7.0"
files = [
    {file = "beautifulsoup4-4.13.3-py3-none-any.whl", hash = "sha256:99045d7d3f08f91f0d656bc9b7efbae189426cd913d830294a15eefa0ea4df16"},
    {file = "beautifulsoup4-4.13.3.tar.gz", hash = "sha256:1bd32405dacc920b42b83ba01644747ed77456a65760e285fbc47633ceddaf8b"},
]

[package.dependencies]
soupsieve = ">1.2"
typing-extensions = ">=4.0.0"

[package.extras]
cchardet = ["cchardet"]
chardet = ["chardet"]
charset-normalizer = ["charset-normalizer"]
html5lib = ["html5lib"]
lxml = ["lxml"]

[[package]]
name = "dateparser"
version = "1.2.1"
description = "Date parsing library designed to parse dates from HTML pages"
optional = false
python-versions = ">=3.8"
files = [
    {file = "dateparser-1.2.1-py3-none-any.whl", hash = "sha256:bdcac262a467e6260030040748ad7c10d6bacd4f3b9cdb4cfd2251939174508c"},
    {file = "dateparser-1.2.1.tar.gz", hash = "sha256:7e4919aeb48481dbfc01ac9683c8e20bfe95bb715a38c1e9f6af889f4f30ccc3"},
]

[package.dependencies]
python-dateutil = ">=2.7.0"
pytz = ">=2024.2"
regex = ">=2015.06.24,<2019.02.19 || >2019.02.19,<2021.8.27 || >2021.8.27"
tzlocal = ">=0.2"

[package.extras]
calendars = ["convertdate (>=2.2.1)", "hijridate"]
fasttext = ["fasttext (>=0.9.1)", "numpy (>=1.19.3,<2)"]
langdetect = ["langdetect (>=1.0.0)"]

[[package]]
name = "pyqt6"
version = "6.8.1"
description = "Python bindings for the Qt cross platform application toolkit"
optional = false
python-versions = ">=3.9"
files = [
    {file = "PyQt6-6.8.1-cp39-abi3-macosx_10_14_universal2.whl", hash = "sha256:0425f9eebdd5d4e57ab36424c9382f2ea06670c3c550fa0028c2b19bd0a1d7bd"},
    {file = "PyQt6-6.8.1-cp39-abi3-manylinux_2_28_x86_64.whl", hash = "sha256:36bf48e3df3a6ff536e703315d155480ef4e260396eb5469eb7a875bc5bb7ab4"},
    {file = "PyQt6-6.8.1-cp39-abi3-manylinux_2_39_aarch64.whl", hash = "sha256:2eac2267a34828b8db7660dd3cc3b3b5fd76a92e61ad45471565b01221cb558b"},
    {file = "PyQt6-6.8.1-cp39-abi3-win_amd64.whl", hash = "sha256:70bad7b890a8f9e9e5fb9598c544b832d9d9d99a9519e0009cb29c1e15e96632"},
    {file = "PyQt6-6.8.1-cp39-abi3-win_arm64.whl", hash = "sha256:a40f878e8e5eeeb0bba995152d07eeef9375ea0116df0f4aad0a6b97c8ad1175"},
    {file = "pyqt6-6.8.1.tar.gz", hash = "sha256:91d937d6166274fafd70f4dee11a8da6dbfdb0da53de05f5d62361ddf775e256"},
]

[package.dependencies]
PyQt6-Qt6 = ">=6.8.0,<6.9.0"
PyQt6-sip = ">=13.8,<14"

[[package]]
name = "pyqt6-qt6"
version = "6.8.2"
description = "The subset of a Qt installation needed by PyQt6."
optional = false
python-versions = "*"
files = [
    {file = "PyQt6_Qt6-6.8.2-py3-none-macosx_10_14_x86_64.whl", hash = "sha256:470dd4211fe5a67b0565e0202e7aa67816e5dcf7d713528b88327adaebd0934e"},
    {file = "PyQt6_Qt6-6.8.2-py3-none-macosx_11_0_arm64.whl", hash = "sha256:40cda901a3e1617e79225c354fe9d89b80249f0a6c6aaa18b40938e05bbf7d1f"},
    {file = "PyQt6_Qt6-6.8.2-py3-none-manylinux_2_28_x86_64.whl", hash = "sha256:fb6d0acdd7d43c33fb8b9d2dd7922d381cdedd00da316049fbe01fc1973e6f05"},
    {file = "PyQt6_Qt6-6.8.2-py3-none-manylinux_2_39_aarch64.whl", hash = "sha256:5970c85d22cbe5c476418994549161b23ed938e25b04fc4ca8fabf6dcac7b03f"},
    {file = "PyQt6_Qt6-6.8.2-py3-none-win_amd64.whl", hash = "sha256:28e2bb641f05b01e498503c3ef01c8a919d6e0e96b50230301c0baac2b7d1433"},
    {file = "PyQt6_Qt6-6.8.2-py3-none-win_arm64.whl", hash = "sha256:912afdddd0dfc666ce1c16bc4695e2acd680db72343e4f7a2b7c053a0146b4bc"},
]

[[package]]
name = "pyqt6-sip"
version = "13.10.0"
description = "The sip module support for PyQt6"
optional = false
python-versions = ">=3.9"
files = [
    {file = "PyQt6_sip-13.10.0-cp310-cp310-macosx_10_9_universal2.whl", hash = "sha256:e7b1258963717cfae1d30e262bb784db808072a8a674d98f57c2076caaa50499"},
    {file = "PyQt6_sip-13.10.0-cp310-cp310-manylinux_2_17_aarch64.manylinux2014_aarch64.whl", hash = "sha256:d27a3fed2a461f179d3cde6a74530fbad629ccaa66ed739b9544fda1932887af"},
    {file = "PyQt6_sip-13.10.0-cp310-cp310-manylinux_2_5_x86_64.manylinux1_x86_64.whl", hash = "sha256:0422781c77b85eefd7a26f104c5998ede178a16b0fd35212664250215b6e5e4c"},
    {file = "PyQt6_sip-13.10.0-cp310-cp310-win_amd64.whl", hash = "sha256:f64183dde2af36515dab515f4301a5a8d9b3658b231769fa48fe6287dc52f375"},
    {file = "PyQt6_sip-13.10.0-cp311-cp311-macosx_10_9_universal2.whl", hash = "sha256:6e78fb8036b18f6258a1af0956c5a3cec1dd3d8dd5196ecd89a31b529bf40e82"},
    {file = "PyQt6_sip-13.10.0-cp311-cp311-manylinux_2_17_aarch64.manylinux2014_aarch64.whl", hash = "sha256:e19d5887fa3003a635419644dfed3158cb15eb566fc27b1ed56913a5767a71dc"},
    {file = "PyQt6_sip-13.10.0-cp311-cp311-manylinux_2_5_x86_64.manylinux1_x86_64.whl", hash = "sha256:079bb946edc3960f08d92b3a8eebff55d3abb51bc2a0583b6683dfd9f77a616a"},
    {file = "PyQt6_sip-13.10.0-cp311-cp311-win_amd64.whl", hash = "sha256:90974f5dbba1f5d1d2ca9b1cfdfd5258e5e3cfacead03f0df674d54c69973ea7"},
    {file = "PyQt6_sip-13.10.0-cp311-cp311-win_arm64.whl", hash = "sha256:bbefd5539eeda4dec37e8b6dfc362ba240ec31279060336bcceaff572807dac8"},
    {file = "PyQt6_sip-13.10.0-cp312-cp312-macosx_10_9_universal2.whl", hash = "sha256:48791db2914fc39c3218519a02d2a5fd3fcd354a1be3141a57bf2880701486f2"},
    {file = "PyQt6_sip-13.10.0-cp312-cp312-manylinux_2_17_aarch64.manylinux2014_aarch64.whl", hash = "sha256:466d6b4791973c9fcbdc2e0087ed194b9ea802a8c3948867a849498f0841c70c"},
    {file = "PyQt6_sip-13.10.0-cp312-cp312-manylinux_2_5_x86_64.manylinux1_x86_64.whl", hash = "sha256:ae15358941f127cd3d1ab09c1ebd45c4dabb0b2e91587b9eebde0279d0039c54"},
    {file = "PyQt6_sip-13.10.0-cp312-cp312-win_amd64.whl", hash = "sha256:ad573184fa8b00041944e5a17d150ab0d08db2d2189e39c9373574ebab3f2e58"},
    {file = "PyQt6_sip-13.10.0-cp312-cp312-win_arm64.whl", hash = "sha256:2d579d810d0047d40bde9c6aef281d6ed218db93c9496ebc9e55b9e6f27a229d"},
    {file = "PyQt6_sip-13.10.0-cp313-cp313-macosx_10_13_universal2.whl", hash = "sha256:7b6e250c2e7c14702a623f2cc1479d7fb8db2b6eee9697cac10d06fe79c281bb"},
    {file = "PyQt6_sip-13.10.0-cp313-cp313-manylinux_2_17_aarch64.manylinux2014_aarch64.whl", hash = "sha256:0fcb30756568f8cd59290f9ef2ae5ee3e72ff9cdd61a6f80c9e3d3b95ae676be"},
    {file = "PyQt6_sip-13.10.0-cp313-cp313-manylinux_2_5_x86_64.manylinux1_x86_64.whl", hash = "sha256:757ac52c92b2ef0b56ecc7cd763b55a62d3c14271d7ea8d03315af85a70090ff"},
    {file = "PyQt6_sip-13.10.0-cp313-cp313-win_amd64.whl", hash = "sha256:571900c44a3e38738d696234d94fe2043972b9de0633505451c99e2922cb6a34"},
    {file = "PyQt6_sip-13.10.0-cp313-cp313-win_arm64.whl", hash = "sha256:39cba2cc71cf80a99b4dc8147b43508d4716e128f9fb99f5eb5860a37f082282"},
    {file = "PyQt6_sip-13.10.0-cp39-cp39-macosx_10_9_universal2.whl", hash = "sha256:5f026a1278f9c2a745542d4a05350f2392d4cf339275fb8efccb47b0f213d120"},
    {file = "PyQt6_sip-13.10.0-cp39-cp39-manylinux_2_17_aarch64.manylinux2014_aarch64.whl", hash = "sha256:548c70bc40d993be0eb011e1bbc41ba7c95f6af375613b58217f39ad8d703345"},
    {file = "PyQt6_sip-13.10.0-cp39-cp39-manylinux_2_5_x86_64.manylinux1_x86_64.whl", hash = "sha256:21417ffd2c489afef114cb09683bbc0fb24d78df848a21fc0d09e70ecbb0a4a4"},
    {file = "PyQt6_sip-13.10.0-cp39-cp39-win_amd64.whl", hash = "sha256:6e1b1f7a29290afc83bcd9970e0cffa2d0da87d81796b6eab7b6f583e4f49652"},
    {file = "pyqt6_sip-13.10.0.tar.gz", hash = "sha256:d6daa95a0bd315d9ec523b549e0ce97455f61ded65d5eafecd83ed2aa4ae5350"},
]

[[package]]
name = "pyqt6-webengine"
version = "6.8.0"
description = "Python bindings for the Qt WebEngine framework"
optional = false
python-versions = ">=3.9"
files = [
    {file = "PyQt6_WebEngine-6.8.0-cp39-abi3-macosx_10_14_universal2.whl", hash = "sha256:c7a5731923112acf23fbf93efad91f7b1545221063572106273e34c15a029fe7"},
    {file = "PyQt6_WebEngine-6.8.0-cp39-abi3-manylinux_2_28_x86_64.whl", hash = "sha256:5b5090dcc71dd36172ca8370db7dcaadfa0a022a8e58f6e172301289036c666b"},
    {file = "PyQt6_WebEngine-6.8.0-cp39-abi3-manylinux_2_35_x86_64.whl", hash = "sha256:5b9231b58014965b72504e49f39a6dbc3ecd05d4d725af011d75e6c8a7e2d5f7"},
    {file = "PyQt6_WebEngine-6.8.0-cp39-abi3-manylinux_2_39_aarch64.whl", hash = "sha256:c549f0f72c285eeea94000f6764dfaebf6bb3b13224580c7169a409bf1bf1bb7"},
    {file = "PyQt6_WebEngine-6.8.0-cp39-abi3-win_amd64.whl", hash = "sha256:d7366809d681bcc096fa565f2a81d0ab040f7da5bb4f12f78e834a2b173c87d1"},
    {file = "PyQt6_WebEngine-6.8.0.tar.gz", hash = "sha256:64045ea622b6a41882c2b18f55ae9714b8660acff06a54e910eb72822c2f3ff2"},
]

[package.dependencies]
PyQt6 = ">=6.2.0"
PyQt6-sip = ">=13.6,<14"
PyQt6-WebEngine-Qt6 = ">=6.8.0,<6.9.0"

[[package]]
name = "pyqt6-webengine-qt6"
version = "6.8.2"
description = "The subset of a Qt installation needed by PyQt6-WebEngine."
optional = false
python-versions = "*"
files = [
    {file = "PyQt6_WebEngine_Qt6-6.8.2-py3-none-macosx_10_14_x86_64.whl", hash = "sha256:84312705615b5fccedb386531bbd505eb110469444d778f09acd6a214836789e"},
    {file = "PyQt6_WebEngine_Qt6-6.8.2-py3-none-macosx_11_0_arm64.whl", hash = "sha256:672363b3809973bbe3408048fc49e98f5c54db8629e855d813fd531e05929007"},
    {file = "PyQt6_WebEngine_Qt6-6.8.2-py3-none-manylinux_2_28_x86_64.whl", hash = "sha256:c3be75ef7563b965306de53cae0b357438672d3bf7d9b39edacc307fbeb9965e"},
    {file = "PyQt6_WebEngine_Qt6-6.8.2-py3-none-manylinux_2_39_aarch64.whl", hash = "sha256:72c1b4c45a3226f32f6c821ee474c4418727913536a62506d9787e24a46d6f27"},
    {file = "PyQt6_WebEngine_Qt6-6.8.2-py3-none-win_amd64.whl", hash = "sha256:4421159f3ac4a796499b7f73e98028797a4ae636b04f920b8165308ca0b8c629"},
]

[[package]]
name = "python-dateutil"
version = "2.9.0.post0"
description = "Extensions to the standard Python datetime module"
optional = false
python-versions = "!=3.0.*,!=3.1.*,!=3.2.*,>=2.7"
files = [
    {file = "python-dateutil-2.9.0.post0.tar.gz", hash = "sha256:37dd54208da7e1cd875388217d5e00ebd4179249f90fb72437e91a35459a0ad3"},
    {file = "python_dateutil-2.9.0.post0-py2.py3-none-any.whl", hash = "sha256:a8b2bc7bffae282281c8140a97d3aa9c14da0b136dfe83f850eea9a5f7470427"},
]

[package.dependencies]
six = ">=1.5"

[[package]]
name = "pytz"
version = "2025.2"
description = "World timezone definitions, modern and historical"
optional = false
python-versions = "*"
files = [
    {file = "pytz-2025.2-py2.py3-none-any.whl", hash = "sha256:5ddf76296dd8c44c26eb8f4b6f35488f3ccbf6fbbd7adee0b7262d43f0ec2f00"},
    {file = "pytz-2025.2.tar.gz", hash = "sha256:360b9e3dbb49a209c21ad61809c7fb453643e048b38924c765813546746e81c3"},
]

[[package]]
name = "pywin32"
version = "306"
description = "Python for Window Extensions"
optional = false
python-versions = "*"
files = [
    {file = "pywin32-306-cp310-cp310-win32.whl", hash = "sha256:06d3420a5155ba65f0b72f2699b5bacf3109f36acbe8923765c22938a69dfc8d"},
    {file = "pywin32-306-cp310-cp310-win_amd64.whl", hash = "sha256:84f4471dbca1887ea3803d8848a1616429ac94a4a8d05f4bc9c5dcfd42ca99c8"},
    {file = "pywin32-306-cp311-cp311-win32.whl", hash = "sha256:e65028133d15b64d2ed8f06dd9fbc268352478d4f9289e69c190ecd6818b6407"},
    {file = "pywin32-306-cp311-cp311-win_amd64.whl", hash = "sha256:a7639f51c184c0272e93f244eb24dafca9b1855707d94c192d4a0b4c01e1100e"},
    {file = "pywin32-306-cp311-cp311-win_arm64.whl", hash = "sha256:70dba0c913d19f942a2db25217d9a1b726c278f483a919f1abfed79c9cf64d3a"},
    {file = "pywin32-306-cp312-cp312-win32.whl", hash = "sha256:383229d515657f4e3ed1343da8be101000562bf514591ff383ae940cad65458b"},
    {file = "pywin32-306-cp312-cp312-win_amd64.whl", hash = "sha256:37257794c1ad39ee9be652da0462dc2e394c8159dfd913a8a4e8eb6fd346da0e"},
    {file = "pywin32-306-cp312-cp312-win_arm64.whl", hash = "sha256:5821ec52f6d321aa59e2db7e0a35b997de60c201943557d108af9d4ae1ec7040"},
    {file = "pywin32-306-cp37-cp37m-win32.whl", hash = "sha256:1c73ea9a0d2283d889001998059f5eaaba3b6238f767c9cf2833b13e6a685f65"},
    {file = "pywin32-306-cp37-cp37m-win_amd64.whl", hash = "sha256:72c5f621542d7bdd4fdb716227be0dd3f8565c11b280be6315b06ace35487d36"},
    {file = "pywin32-306-cp38-cp38-win32.whl", hash = "sha256:e4c092e2589b5cf0d365849e73e02c391c1349958c5ac3e9d5ccb9a28e017b3a"},
    {file = "pywin32-306-cp38-cp38-win_amd64.whl", hash = "sha256:e8ac1ae3601bee6ca9f7cb4b5363bf1c0badb935ef243c4733ff9a393b1690c0"},
    {file = "pywin32-306-cp39-cp39-win32.whl", hash = "sha256:e25fd5b485b55ac9c057f67d94bc203f3f6595078d1fb3b458c9c28b7153a802"},
    {file = "pywin32-306-cp39-cp39-win_amd64.whl", hash = "sha256:39b61c15272833b5c329a2989999dcae836b1eed650252ab1b7bfbe1d59f30f4"},
]

[[package]]
name = "regex"
version = "2024.11.6"
description = "Alternative regular expression module, to replace re."
optional = false
python-versions = ">=3.8"
files = [
    {file = "regex-2024.11.6-cp310-cp310-macosx_10_9_universal2.whl", hash = "sha256:ff590880083d60acc0433f9c3f713c51f7ac6ebb9adf889c79a261ecf541aa91"},
    {file = "regex-2024.11.6-cp310-cp310-macosx_10_9_x86_64.whl", hash = "sha256:658f90550f38270639e83ce492f27d2c8d2cd63805c65a13a14d36ca126753f0"},
    {file = "regex-2024.11.6-cp310-cp310-macosx_11_0_arm64.whl", hash = "sha256:164d8b7b3b4bcb2068b97428060b2a53be050085ef94eca7f240e7947f1b080e"},
    {file = "regex-2024.11.6-cp310-cp310-manylinux_2_17_aarch64.manylinux2014_aarch64.whl", hash = "sha256:d3660c82f209655a06b587d55e723f0b813d3a7db2e32e5e7dc64ac2a9e86fde"},
    {file = "regex-2024.11.6-cp310-cp310-manylinux_2_17_ppc64le.manylinux2014_ppc64le.whl", hash = "sha256:d22326fcdef5e08c154280b71163ced384b428343ae16a5ab2b3354aed12436e"},
    {file = "regex-2024.11.6-cp310-cp310-manylinux_2_17_s390x.manylinux2014_s390x.whl", hash = "sha256:f1ac758ef6aebfc8943560194e9fd0fa18bcb34d89fd8bd2af18183afd8da3a2"},
    {file = "regex-2024.11.6-cp310-cp310-manylinux_2_17_x86_64.manylinux2014_x86_64.whl", hash = "sha256:997d6a487ff00807ba810e0f8332c18b4eb8d29463cfb7c820dc4b6e7562d0cf"},
    {file = "regex-2024.11.6-cp310-cp310-manylinux_2_5_i686.manylinux1_i686.manylinux_2_17_i686.manylinux2014_i686.whl", hash = "sha256:02a02d2bb04fec86ad61f3ea7f49c015a0681bf76abb9857f945d26159d2968c"},
    {file = "regex-2024.11.6-cp310-cp310-manylinux_2_5_x86_64.manylinux1_x86_64.manylinux_2_12_x86_64.manylinux2010_x86_64.whl", hash = "sha256:f02f93b92358ee3f78660e43b4b0091229260c5d5c408d17d60bf26b6c900e86"},
    {file = "regex-2024.11.6-cp310-cp310-musllinux_1_2_aarch64.whl", hash = "sha256:06eb1be98df10e81ebaded73fcd51989dcf534e3c753466e4b60c4697a003b67"},
    {file = "regex-2024.11.6-cp310-cp310-musllinux_1_2_i686.whl", hash = "sha256:040df6fe1a5504eb0f04f048e6d09cd7c7110fef851d7c567a6b6e09942feb7d"},
    {file = "regex-2024.11.6-cp310-cp310-musllinux_1_2_ppc64le.whl", hash = "sha256:fdabbfc59f2c6edba2a6622c647b716e34e8e3867e0ab975412c5c2f79b82da2"},
    {file = "regex-2024.11.6-cp310-cp310-musllinux_1_2_s390x.whl", hash = "sha256:8447d2d39b5abe381419319f942de20b7ecd60ce86f16a23b0698f22e1b70008"},
    {file = "regex-2024.11.6-cp310-cp310-musllinux_1_2_x86_64.whl", hash = "sha256:da8f5fc57d1933de22a9e23eec290a0d8a5927a5370d24bda9a6abe50683fe62"},
    {file = "regex-2024.11.6-cp310-cp310-win32.whl", hash = "sha256:b489578720afb782f6ccf2840920f3a32e31ba28a4b162e13900c3e6bd3f930e"},
    {file = "regex-2024.11.6-cp310-cp310-win_amd64.whl", hash = "sha256:5071b2093e793357c9d8b2929dfc13ac5f0a6c650559503bb81189d0a3814519"},
    {file = "regex-2024.11.6-cp311-cp311-macosx_10_9_universal2.whl", hash = "sha256:5478c6962ad548b54a591778e93cd7c456a7a29f8eca9c49e4f9a806dcc5d638"},
    {file = "regex-2024.11.6-cp311-cp311-macosx_10_9_x86_64.whl", hash = "sha256:2c89a8cc122b25ce6945f0423dc1352cb9593c68abd19223eebbd4e56612c5b7"},
    {file = "regex-2024.11.6-cp311-cp311-macosx_11_0_arm64.whl", hash = "sha256:94d87b689cdd831934fa3ce16cc15cd65748e6d689f5d2b8f4f4df2065c9fa20"},
    {file = "regex-2024.11.6-cp311-cp311-manylinux_2_17_aarch64.manylinux2014_aarch64.whl", hash = "sha256:1062b39a0a2b75a9c694f7a08e7183a80c63c0d62b301418ffd9c35f55aaa114"},
    {file = "regex-2024.11.6-cp311-cp311-manylinux_2_17_ppc64le.manylinux2014_ppc64le.whl", hash = "sha256:167ed4852351d8a750da48712c3930b031f6efdaa0f22fa1933716bfcd6bf4a3"},
    {file = "regex-2024.11.6-cp311-cp311-manylinux_2_17_s390x.manylinux2014_s390x.whl", hash = "sha256:2d548dafee61f06ebdb584080621f3e0c23fff312f0de1afc776e2a2ba99a74f"},
    {file = "regex-2024.11.6-cp311-cp311-manylinux_2_17_x86_64.manylinux2014_x86_64.whl", hash = "sha256:f2a19f302cd1ce5dd01a9099aaa19cae6173306d1302a43b627f62e21cf18ac0"},
    {file = "regex-2024.11.6-cp311-cp311-manylinux_2_5_i686.manylinux1_i686.manylinux_2_17_i686.manylinux2014_i686.whl", hash = "sha256:bec9931dfb61ddd8ef2ebc05646293812cb6b16b60cf7c9511a832b6f1854b55"},
    {file = "regex-2024.11.6-cp311-cp311-musllinux_1_2_aarch64.whl", hash = "sha256:9714398225f299aa85267fd222f7142fcb5c769e73d7733344efc46f2ef5cf89"},
    {file = "regex-2024.11.6-cp311-cp311-musllinux_1_2_i686.whl", hash = "sha256:202eb32e89f60fc147a41e55cb086db2a3f8cb82f9a9a88440dcfc5d37faae8d"},
    {file = "regex-2024.11.6-cp311-cp311-musllinux_1_2_ppc64le.whl", hash = "sha256:4181b814e56078e9b00427ca358ec44333765f5ca1b45597ec7446d3a1ef6e34"},
    {file = "regex-2024.11.6-cp311-cp311-musllinux_1_2_s390x.whl", hash = "sha256:068376da5a7e4da51968ce4c122a7cd31afaaec4fccc7856c92f63876e57b51d"},
    {file = "regex-2024.11.6-cp311-cp311-musllinux_1_2_x86_64.whl", hash = "sha256:ac10f2c4184420d881a3475fb2c6f4d95d53a8d50209a2500723d831036f7c45"},
    {file = "regex-2024.11.6-cp311-cp311-win32.whl", hash = "sha256:c36f9b6f5f8649bb251a5f3f66564438977b7ef8386a52460ae77e6070d309d9"},
    {file = "regex-2024.11.6-cp311-cp311-win_amd64.whl", hash = "sha256:02e28184be537f0e75c1f9b2f8847dc51e08e6e171c6bde130b2687e0c33cf60"},
    {file = "regex-2024.11.6-cp312-cp312-macosx_10_13_universal2.whl", hash = "sha256:52fb28f528778f184f870b7cf8f225f5eef0a8f6e3778529bdd40c7b3920796a"},
    {file = "regex-2024.11.6-cp312-cp312-macosx_10_13_x86_64.whl", hash = "sha256:fdd6028445d2460f33136c55eeb1f601ab06d74cb3347132e1c24250187500d9"},
    {file = "regex-2024.11.6-cp312-cp312-macosx_11_0_arm64.whl", hash = "sha256:805e6b60c54bf766b251e94526ebad60b7de0c70f70a4e6210ee2891acb70bf2"},
    {file = "regex-2024.11.6-cp312-cp312-manylinux_2_17_aarch64.manylinux2014_aarch64.whl", hash = "sha256:b85c2530be953a890eaffde05485238f07029600e8f098cdf1848d414a8b45e4"},
    {file = "regex-2024.11.6-cp312-cp312-manylinux_2_17_ppc64le.manylinux2014_ppc64le.whl", hash = "sha256:bb26437975da7dc36b7efad18aa9dd4ea569d2357ae6b783bf1118dabd9ea577"},
    {file = "regex-2024.11.6-cp312-cp312-manylinux_2_17_s390x.manylinux2014_s390x.whl", hash = "sha256:abfa5080c374a76a251ba60683242bc17eeb2c9818d0d30117b4486be10c59d3"},
    {file = "regex-2024.11.6-cp312-cp312-manylinux_2_17_x86_64.manylinux2014_x86_64.whl", hash = "sha256:70b7fa6606c2881c1db9479b0eaa11ed5dfa11c8d60a474ff0e095099f39d98e"},
    {file = "regex-2024.11.6-cp312-cp312-manylinux_2_5_i686.manylinux1_i686.manylinux_2_17_i686.manylinux2014_i686.whl", hash = "sha256:0c32f75920cf99fe6b6c539c399a4a128452eaf1af27f39bce8909c9a3fd8cbe"},
    {file = "regex-2024.11.6-cp312-cp312-musllinux_1_2_aarch64.whl", hash = "sha256:982e6d21414e78e1f51cf595d7f321dcd14de1f2881c5dc6a6e23bbbbd68435e"},
    {file = "regex-2024.11.6-cp312-cp312-musllinux_1_2_i686.whl", hash = "sha256:a7c2155f790e2fb448faed6dd241386719802296ec588a8b9051c1f5c481bc29"},
    {file = "regex-2024.11.6-cp312-cp312-musllinux_1_2_ppc64le.whl", hash = "sha256:149f5008d286636e48cd0b1dd65018548944e495b0265b45e1bffecce1ef7f39"},
    {file = "regex-2024.11.6-cp312-cp312-musllinux_1_2_s390x.whl", hash = "sha256:e5364a4502efca094731680e80009632ad6624084aff9a23ce8c8c6820de3e51"},
    {file = "regex-2024.11.6-cp312-cp312-musllinux_1_2_x86_64.whl", hash = "sha256:0a86e7eeca091c09e021db8eb72d54751e527fa47b8d5787caf96d9831bd02ad"},
    {file = "regex-2024.11.6-cp312-cp312-win32.whl", hash = "sha256:32f9a4c643baad4efa81d549c2aadefaeba12249b2adc5af541759237eee1c54"},
    {file = "regex-2024.11.6-cp312-cp312-win_amd64.whl", hash = "sha256:a93c194e2df18f7d264092dc8539b8ffb86b45b899ab976aa15d48214138e81b"},
    {file = "regex-2024.11.6-cp313-cp313-macosx_10_13_universal2.whl", hash = "sha256:a6ba92c0bcdf96cbf43a12c717eae4bc98325ca3730f6b130ffa2e3c3c723d84"},
    {file = "regex-2024.11.6-cp313-cp313-macosx_10_13_x86_64.whl", hash = "sha256:525eab0b789891ac3be914d36893bdf972d483fe66551f79d3e27146191a37d4"},
    {file = "regex-2024.11.6-cp313-cp313-macosx_11_0_arm64.whl", hash = "sha256:086a27a0b4ca227941700e0b31425e7a28ef1ae8e5e05a33826e17e47fbfdba0"},
    {file = "regex-2024.11.6-cp313-cp313-manylinux_2_17_aarch64.manylinux2014_aarch64.whl", hash = "sha256:bde01f35767c4a7899b7eb6e823b125a64de314a8ee9791367c9a34d56af18d0"},
    {file = "regex-2024.11.6-cp313-cp313-manylinux_2_17_ppc64le.manylinux2014_ppc64le.whl", hash = "sha256:b583904576650166b3d920d2bcce13971f6f9e9a396c673187f49811b2769dc7"},
    {file = "regex-2024.11.6-cp313-cp313-manylinux_2_17_s390x.manylinux2014_s390x.whl", hash = "sha256:1c4de13f06a0d54fa0d5ab1b7138bfa0d883220965a29616e3ea61b35d5f5fc7"},
    {file = "regex-2024.11.6-cp313-cp313-manylinux_2_17_x86_64.manylinux2014_x86_64.whl", hash = "sha256:3cde6e9f2580eb1665965ce9bf17ff4952f34f5b126beb509fee8f4e994f143c"},
    {file = "regex-2024.11.6-cp313-cp313-manylinux_2_5_i686.manylinux1_i686.manylinux_2_17_i686.manylinux2014_i686.whl", hash = "sha256:0d7f453dca13f40a02b79636a339c5b62b670141e63efd511d3f8f73fba162b3"},
    {file = "regex-2024.11.6-cp313-cp313-musllinux_1_2_aarch64.whl", hash = "sha256:59dfe1ed21aea057a65c6b586afd2a945de04fc7db3de0a6e3ed5397ad491b07"},
    {file = "regex-2024.11.6-cp313-cp313-musllinux_1_2_i686.whl", hash = "sha256:b97c1e0bd37c5cd7902e65f410779d39eeda155800b65fc4d04cc432efa9bc6e"},
    {file = "regex-2024.11.6-cp313-cp313-musllinux_1_2_ppc64le.whl", hash = "sha256:f9d1e379028e0fc2ae3654bac3cbbef81bf3fd571272a42d56c24007979bafb6"},
    {file = "regex-2024.11.6-cp313-cp313-musllinux_1_2_s390x.whl", hash = "sha256:13291b39131e2d002a7940fb176e120bec5145f3aeb7621be6534e46251912c4"},
    {file = "regex-2024.11.6-cp313-cp313-musllinux_1_2_x86_64.whl", hash = "sha256:4f51f88c126370dcec4908576c5a627220da6c09d0bff31cfa89f2523843316d"},
    {file = "regex-2024.11.6-cp313-cp313-win32.whl", hash = "sha256:63b13cfd72e9601125027202cad74995ab26921d8cd935c25f09c630436348ff"},
    {file = "regex-2024.11.6-cp313-cp313-win_amd64.whl", hash = "sha256:2b3361af3198667e99927da8b84c1b010752fa4b1115ee30beaa332cabc3ef1a"},
    {file = "regex-2024.11.6-cp38-cp38-macosx_10_9_universal2.whl", hash = "sha256:3a51ccc315653ba012774efca4f23d1d2a8a8f278a6072e29c7147eee7da446b"},
    {file = "regex-2024.11.6-cp38-cp38-macosx_10_9_x86_64.whl", hash = "sha256:ad182d02e40de7459b73155deb8996bbd8e96852267879396fb274e8700190e3"},
    {file = "regex-2024.11.6-cp38-cp38-macosx_11_0_arm64.whl", hash = "sha256:ba9b72e5643641b7d41fa1f6d5abda2c9a263ae835b917348fc3c928182ad467"},
    {file = "regex-2024.11.6-cp38-cp38-manylinux_2_17_aarch64.manylinux2014_aarch64.whl", hash = "sha256:40291b1b89ca6ad8d3f2b82782cc33807f1406cf68c8d440861da6304d8ffbbd"},
    {file = "regex-2024.11.6-cp38-cp38-manylinux_2_17_ppc64le.manylinux2014_ppc64le.whl", hash = "sha256:cdf58d0e516ee426a48f7b2c03a332a4114420716d55769ff7108c37a09951bf"},
    {file = "regex-2024.11.6-cp38-cp38-manylinux_2_17_s390x.manylinux2014_s390x.whl", hash = "sha256:a36fdf2af13c2b14738f6e973aba563623cb77d753bbbd8d414d18bfaa3105dd"},
    {file = "regex-2024.11.6-cp38-cp38-manylinux_2_17_x86_64.manylinux2014_x86_64.whl", hash = "sha256:d1cee317bfc014c2419a76bcc87f071405e3966da434e03e13beb45f8aced1a6"},
    {file = "regex-2024.11.6-cp38-cp38-manylinux_2_5_i686.manylinux1_i686.manylinux_2_17_i686.manylinux2014_i686.whl", hash = "sha256:50153825ee016b91549962f970d6a4442fa106832e14c918acd1c8e479916c4f"},
    {file = "regex-2024.11.6-cp38-cp38-manylinux_2_5_x86_64.manylinux1_x86_64.manylinux_2_12_x86_64.manylinux2010_x86_64.whl", hash = "sha256:ea1bfda2f7162605f6e8178223576856b3d791109f15ea99a9f95c16a7636fb5"},
    {file = "regex-2024.11.6-cp38-cp38-musllinux_1_2_aarch64.whl", hash = "sha256:df951c5f4a1b1910f1a99ff42c473ff60f8225baa1cdd3539fe2819d9543e9df"},
    {file = "regex-2024.11.6-cp38-cp38-musllinux_1_2_i686.whl", hash = "sha256:072623554418a9911446278f16ecb398fb3b540147a7828c06e2011fa531e773"},
    {file = "regex-2024.11.6-cp38-cp38-musllinux_1_2_ppc64le.whl", hash = "sha256:f654882311409afb1d780b940234208a252322c24a93b442ca714d119e68086c"},
    {file = "regex-2024.11.6-cp38-cp38-musllinux_1_2_s390x.whl", hash = "sha256:89d75e7293d2b3e674db7d4d9b1bee7f8f3d1609428e293771d1a962617150cc"},
    {file = "regex-2024.11.6-cp38-cp38-musllinux_1_2_x86_64.whl", hash = "sha256:f65557897fc977a44ab205ea871b690adaef6b9da6afda4790a2484b04293a5f"},
    {file = "regex-2024.11.6-cp38-cp38-win32.whl", hash = "sha256:6f44ec28b1f858c98d3036ad5d7d0bfc568bdd7a74f9c24e25f41ef1ebfd81a4"},
    {file = "regex-2024.11.6-cp38-cp38-win_amd64.whl", hash = "sha256:bb8f74f2f10dbf13a0be8de623ba4f9491faf58c24064f32b65679b021ed0001"},
    {file = "regex-2024.11.6-cp39-cp39-macosx_10_9_universal2.whl", hash = "sha256:5704e174f8ccab2026bd2f1ab6c510345ae8eac818b613d7d73e785f1310f839"},
    {file = "regex-2024.11.6-cp39-cp39-macosx_10_9_x86_64.whl", hash = "sha256:220902c3c5cc6af55d4fe19ead504de80eb91f786dc102fbd74894b1551f095e"},
    {file = "regex-2024.11.6-cp39-cp39-macosx_11_0_arm64.whl", hash = "sha256:5e7e351589da0850c125f1600a4c4ba3c722efefe16b297de54300f08d734fbf"},
    {file = "regex-2024.11.6-cp39-cp39-manylinux_2_17_aarch64.manylinux2014_aarch64.whl", hash = "sha256:5056b185ca113c88e18223183aa1a50e66507769c9640a6ff75859619d73957b"},
    {file = "regex-2024.11.6-cp39-cp39-manylinux_2_17_ppc64le.manylinux2014_ppc64le.whl", hash = "sha256:2e34b51b650b23ed3354b5a07aab37034d9f923db2a40519139af34f485f77d0"},
    {file = "regex-2024.11.6-cp39-cp39-manylinux_2_17_s390x.manylinux2014_s390x.whl", hash = "sha256:5670bce7b200273eee1840ef307bfa07cda90b38ae56e9a6ebcc9f50da9c469b"},
    {file = "regex-2024.11.6-cp39-cp39-manylinux_2_17_x86_64.manylinux2014_x86_64.whl", hash = "sha256:08986dce1339bc932923e7d1232ce9881499a0e02925f7402fb7c982515419ef"},
    {file = "regex-2024.11.6-cp39-cp39-manylinux_2_5_i686.manylinux1_i686.manylinux_2_17_i686.manylinux2014_i686.whl", hash = "sha256:93c0b12d3d3bc25af4ebbf38f9ee780a487e8bf6954c115b9f015822d3bb8e48"},
    {file = "regex-2024.11.6-cp39-cp39-manylinux_2_5_x86_64.manylinux1_x86_64.manylinux_2_12_x86_64.manylinux2010_x86_64.whl", hash = "sha256:764e71f22ab3b305e7f4c21f1a97e1526a25ebdd22513e251cf376760213da13"},
    {file = "regex-2024.11.6-cp39-cp39-musllinux_1_2_aarch64.whl", hash = "sha256:f056bf21105c2515c32372bbc057f43eb02aae2fda61052e2f7622c801f0b4e2"},
    {file = "regex-2024.11.6-cp39-cp39-musllinux_1_2_i686.whl", hash = "sha256:69ab78f848845569401469da20df3e081e6b5a11cb086de3eed1d48f5ed57c95"},
    {file = "regex-2024.11.6-cp39-cp39-musllinux_1_2_ppc64le.whl", hash = "sha256:86fddba590aad9208e2fa8b43b4c098bb0ec74f15718bb6a704e3c63e2cef3e9"},
    {file = "regex-2024.11.6-cp39-cp39-musllinux_1_2_s390x.whl", hash = "sha256:684d7a212682996d21ca12ef3c17353c021fe9de6049e19ac8481ec35574a70f"},
    {file = "regex-2024.11.6-cp39-cp39-musllinux_1_2_x86_64.whl", hash = "sha256:a03e02f48cd1abbd9f3b7e3586d97c8f7a9721c436f51a5245b3b9483044480b"},
    {file = "regex-2024.11.6-cp39-cp39-win32.whl", hash = "sha256:41758407fc32d5c3c5de163888068cfee69cb4c2be844e7ac517a52770f9af57"},
    {file = "regex-2024.11.6-cp39-cp39-win_amd64.whl", hash = "sha256:b2837718570f95dd41675328e111345f9b7095d821bac435aac173ac80b19983"},
    {file = "regex-2024.11.6.tar.gz", hash = "sha256:7ab159b063c52a0333c884e4679f8d7a85112ee3078fe3d9004b2dd875585519"},
]

[[package]]
name = "six"
version = "1.17.0"
description = "Python 2 and 3 compatibility utilities"
optional = false
python-versions = "!=3.0.*,!=3.1.*,!=3.2.*,>=2.7"
files = [
    {file = "six-1.17.0-py2.py3-none-any.whl", hash = "sha256:4721f391ed90541fddacab5acf947aa0d3dc7d27b2e1e8eda2be8970586c3274"},
    {file = "six-1.17.0.tar.gz", hash = "sha256:ff70335d468e7eb6ec65b95b99d3a2836546063f63acc5171de367e834932a81"},
]

[[package]]
name = "soupsieve"
version = "2.6"
description = "A modern CSS selector implementation for Beautiful Soup."
optional = false
python-versions = ">=3.8"
files = [
    {file = "soupsieve-2.6-py3-none-any.whl", hash = "sha256:e72c4ff06e4fb6e4b5a9f0f55fe6e81514581fca1515028625d0f299c602ccc9"},
    {file = "soupsieve-2.6.tar.gz", hash = "sha256:e2e68417777af359ec65daac1057404a3c8a5455bb8abc36f1a9866ab1a51abb"},
]

[[package]]
name = "typing-extensions"
version = "4.13.0"
description = "Backported and Experimental Type Hints for Python 3.8+"
optional = false
python-versions = ">=3.8"
files = [
    {file = "typing_extensions-4.13.0-py3-none-any.whl", hash = "sha256:c8dd92cc0d6425a97c18fbb9d1954e5ff92c1ca881a309c45f06ebc0b79058e5"},
    {file = "typing_extensions-4.13.0.tar.gz", hash = "sha256:0a4ac55a5820789d87e297727d229866c9650f6521b64206413c4fbada24d95b"},
]

[[package]]
name = "tzdata"
version = "2025.2"
description = "Provider of IANA time zone data"
optional = false
python-versions = ">=2"
files = [
    {file = "tzdata-2025.2-py2.py3-none-any.whl", hash = "sha256:1a403fada01ff9221ca8044d701868fa132215d84beb92242d9acd2147f667a8"},
    {file = "tzdata-2025.2.tar.gz", hash = "sha256:b60a638fcc0daffadf82fe0f57e53d06bdec2f36c4df66280ae79bce6bd6f2b9"},
]

[[package]]
name = "tzlocal"
version = "5.3.1"
description = "tzinfo object for the local timezone"
optional = false
python-versions = ">=3.9"
files = [
    {file = "tzlocal-5.3.1-py3-none-any.whl", hash = "sha256:eb1a66c3ef5847adf7a834f1be0800581b683b5608e74f86ecbcef8ab91bb85d"},
    {file = "tzlocal-5.3.1.tar.gz", hash = "sha256:cceffc7edecefea1f595541dbd6e990cb1ea3d19bf01b2809f362a03dd7921fd"},
]

[package.dependencies]
tzdata = {version = "*", markers = "platform_system == \"Windows\""}

[package.extras]
devenv = ["check-manifest", "pytest (>=4.3)", "pytest-cov", "pytest-mock (>=3.3)", "zest.releaser"]

[metadata]
lock-version = "2.0"
python-versions = ">=3.12,<3.14"
content-hash = "f8e68b2d400583e79c48e724038d8afedd0e8a8518df23a0cc2112dd586793a1"
